// !$*UTF8*$!
{
	archiveVersion = 1;
	classes = {
	};
	objectVersion = 46;
	objects = {

/* Begin PBXBuildFile section */
		3209D86A1CF419430038E434 /* main.m in Sources */ = {isa = PBXBuildFile; fileRef = 3209D8691CF419430038E434 /* main.m */; };
		3209D86D1CF419430038E434 /* AppDelegate.m in Sources */ = {isa = PBXBuildFile; fileRef = 3209D86C1CF419430038E434 /* AppDelegate.m */; };
		3209D8701CF419430038E434 /* ViewController.m in Sources */ = {isa = PBXBuildFile; fileRef = 3209D86F1CF419430038E434 /* ViewController.m */; };
		3209D8731CF419430038E434 /* Main.storyboard in Resources */ = {isa = PBXBuildFile; fileRef = 3209D8711CF419430038E434 /* Main.storyboard */; };
		3209D8751CF419430038E434 /* Assets.xcassets in Resources */ = {isa = PBXBuildFile; fileRef = 3209D8741CF419430038E434 /* Assets.xcassets */; };
		3209D8781CF419430038E434 /* LaunchScreen.storyboard in Resources */ = {isa = PBXBuildFile; fileRef = 3209D8761CF419430038E434 /* LaunchScreen.storyboard */; };
		3209D8801CF43C900038E434 /* iphone.jpg in Resources */ = {isa = PBXBuildFile; fileRef = 3209D87F1CF43C900038E434 /* iphone.jpg */; };
		3209D8821CF43CFB0038E434 /* 01.png in Resources */ = {isa = PBXBuildFile; fileRef = 3209D8811CF43CFB0038E434 /* 01.png */; };
/* End PBXBuildFile section */

/* Begin PBXFileReference section */
		3209D8651CF419430038E434 /* UITest.app */ = {isa = PBXFileReference; explicitFileType = wrapper.application; includeInIndex = 0; path = UITest.app; sourceTree = BUILT_PRODUCTS_DIR; };
		3209D8691CF419430038E434 /* main.m */ = {isa = PBXFileReference; lastKnownFileType = sourcecode.c.objc; path = main.m; sourceTree = "<group>"; };
		3209D86B1CF419430038E434 /* AppDelegate.h */ = {isa = PBXFileReference; lastKnownFileType = sourcecode.c.h; path = AppDelegate.h; sourceTree = "<group>"; };
		3209D86C1CF419430038E434 /* AppDelegate.m */ = {isa = PBXFileReference; lastKnownFileType = sourcecode.c.objc; path = AppDelegate.m; sourceTree = "<group>"; };
		3209D86E1CF419430038E434 /* ViewController.h */ = {isa = PBXFileReference; lastKnownFileType = sourcecode.c.h; path = ViewController.h; sourceTree = "<group>"; };
		3209D86F1CF419430038E434 /* ViewController.m */ = {isa = PBXFileReference; lastKnownFileType = sourcecode.c.objc; path = ViewController.m; sourceTree = "<group>"; };
		3209D8721CF419430038E434 /* Base */ = {isa = PBXFileReference; lastKnownFileType = file.storyboard; name = Base; path = Base.lproj/Main.storyboard; sourceTree = "<group>"; };
		3209D8741CF419430038E434 /* Assets.xcassets */ = {isa = PBXFileReference; lastKnownFileType = folder.assetcatalog; path = Assets.xcassets; sourceTree = "<group>"; };
		3209D8771CF419430038E434 /* Base */ = {isa = PBXFileReference; lastKnownFileType = file.storyboard; name = Base; path = Base.lproj/LaunchScreen.storyboard; sourceTree = "<group>"; };
		3209D8791CF419430038E434 /* Info.plist */ = {isa = PBXFileReference; lastKnownFileType = text.plist.xml; path = Info.plist; sourceTree = "<group>"; };
		3209D87F1CF43C900038E434 /* iphone.jpg */ = {isa = PBXFileReference; lastKnownFileType = image.jpeg; path = iphone.jpg; sourceTree = "<group>"; };
		3209D8811CF43CFB0038E434 /* 01.png */ = {isa = PBXFileReference; lastKnownFileType = image.png; path = 01.png; sourceTree = "<group>"; };
/* End PBXFileReference section */

/* Begin PBXFrameworksBuildPhase section */
		3209D8621CF419430038E434 /* Frameworks */ = {
			isa = PBXFrameworksBuildPhase;
			buildActionMask = 2147483647;
			files = (
			);
			runOnlyForDeploymentPostprocessing = 0;
		};
/* End PBXFrameworksBuildPhase section */

/* Begin PBXGroup section */
		3209D85C1CF419430038E434 = {
			isa = PBXGroup;
			children = (
				3209D8671CF419430038E434 /* UITest */,
				3209D8661CF419430038E434 /* Products */,
			);
			sourceTree = "<group>";
		};
		3209D8661CF419430038E434 /* Products */ = {
			isa = PBXGroup;
			children = (
				3209D8651CF419430038E434 /* UITest.app */,
			);
			name = Products;
			sourceTree = "<group>";
		};
		3209D8671CF419430038E434 /* UITest */ = {
			isa = PBXGroup;
			children = (
				3209D86B1CF419430038E434 /* AppDelegate.h */,
				3209D86C1CF419430038E434 /* AppDelegate.m */,
				3209D86E1CF419430038E434 /* ViewController.h */,
				3209D86F1CF419430038E434 /* ViewController.m */,
				3209D8711CF419430038E434 /* Main.storyboard */,
				3209D87F1CF43C900038E434 /* iphone.jpg */,
				3209D8811CF43CFB0038E434 /* 01.png */,
				3209D8741CF419430038E434 /* Assets.xcassets */,
				3209D8761CF419430038E434 /* LaunchScreen.storyboard */,
				3209D8791CF419430038E434 /* Info.plist */,
				3209D8681CF419430038E434 /* Supporting Files */,
			);
			path = UITest;
			sourceTree = "<group>";
		};
		3209D8681CF419430038E434 /* Supporting Files */ = {
			isa = PBXGroup;
			children = (
				3209D8691CF419430038E434 /* main.m */,
			);
			name = "Supporting Files";
			sourceTree = "<group>";
		};
/* End PBXGroup section */

/* Begin PBXNativeTarget section */
		3209D8641CF419430038E434 /* UITest */ = {
			isa = PBXNativeTarget;
			buildConfigurationList = 3209D87C1CF419430038E434 /* Build configuration list for PBXNativeTarget "UITest" */;
			buildPhases = (
				3209D8611CF419430038E434 /* Sources */,
				3209D8621CF419430038E434 /* Frameworks */,
				3209D8631CF419430038E434 /* Resources */,
			);
			buildRules = (
			);
			dependencies = (
			);
			name = UITest;
			productName = UITest;
			productReference = 3209D8651CF419430038E434 /* UITest.app */;
			productType = "com.apple.product-type.application";
		};
/* End PBXNativeTarget section */

/* Begin PBXProject section */
		3209D85D1CF419430038E434 /* Project object */ = {
			isa = PBXProject;
			attributes = {
				LastUpgradeCheck = 0730;
				ORGANIZATIONNAME = LEEJIHO;
				TargetAttributes = {
					3209D8641CF419430038E434 = {
						CreatedOnToolsVersion = 7.3.1;
					};
				};
			};
			buildConfigurationList = 3209D8601CF419430038E434 /* Build configuration list for PBXProject "UITest" */;
			compatibilityVersion = "Xcode 3.2";
			developmentRegion = English;
			hasScannedForEncodings = 0;
			knownRegions = (
				en,
				Base,
			);
			mainGroup = 3209D85C1CF419430038E434;
			productRefGroup = 3209D8661CF419430038E434 /* Products */;
			projectDirPath = "";
			projectRoot = "";
			targets = (
				3209D8641CF419430038E434 /* UITest */,
			);
		};
/* End PBXProject section */

/* Begin PBXResourcesBuildPhase section */
		3209D8631CF419430038E434 /* Resources */ = {
			isa = PBXResourcesBuildPhase;
			buildActionMask = 2147483647;
			files = (
				3209D8821CF43CFB0038E434 /* 01.png in Resources */,
				3209D8801CF43C900038E434 /* iphone.jpg in Resources */,
				3209D8781CF419430038E434 /* LaunchScreen.storyboard in Resources */,
				3209D8751CF419430038E434 /* Assets.xcassets in Resources */,
				3209D8731CF419430038E434 /* Main.storyboard in Resources */,
			);
			runOnlyForDeploymentPostprocessing = 0;
		};
/* End PBXResourcesBuildPhase section */

/* Begin PBXSourcesBuildPhase section */
		3209D8611CF419430038E434 /* Sources */ = {
			isa = PBXSourcesBuildPhase;
			buildActionMask = 2147483647;
			files = (
				3209D8701CF419430038E434 /* ViewController.m in Sources */,
				3209D86D1CF419430038E434 /* AppDelegate.m in Sources */,
				3209D86A1CF419430038E434 /* main.m in Sources */,
			);
			runOnlyForDeploymentPostprocessing = 0;
		};
/* End PBXSourcesBuildPhase section */

/* Begin PBXVariantGroup section */
		3209D8711CF419430038E434 /* Main.storyboard */ = {
			isa = PBXVariantGroup;
			children = (
				3209D8721CF419430038E434 /* Base */,
			);
			name = Main.storyboard;
			sourceTree = "<group>";
		};
		3209D8761CF419430038E434 /* LaunchScreen.storyboard */ = {
			isa = PBXVariantGroup;
			children = (
				3209D8771CF419430038E434 /* Base */,
			);
			name = LaunchScreen.storyboard;
			sourceTree = "<group>";
		};
/* End PBXVariantGroup section */

/* Begin XCBuildConfiguration section */
		3209D87A1CF419430038E434 /* Debug */ = {
			isa = XCBuildConfiguration;
			buildSettings = {
				ALWAYS_SEARCH_USER_PATHS = NO;
				CLANG_ANALYZER_NONNULL = YES;
				CLANG_CXX_LANGUAGE_STANDARD = "gnu++0x";
				CLANG_CXX_LIBRARY = "libc++";
				CLANG_ENABLE_MODULES = YES;
				CLANG_ENABLE_OBJC_ARC = YES;
				CLANG_WARN_BOOL_CONVERSION = YES;
				CLANG_WARN_CONSTANT_CONVERSION = YES;
				CLANG_WARN_DIRECT_OBJC_ISA_USAGE = YES_ERROR;
				CLANG_WARN_EMPTY_BODY = YES;
				CLANG_WARN_ENUM_CONVERSION = YES;
				CLANG_WARN_INT_CONVERSION = YES;
				CLANG_WARN_OBJC_ROOT_CLASS = YES_ERROR;
				CLANG_WARN_UNREACHABLE_CODE = YES;
				CLANG_WARN__DUPLICATE_METHOD_MATCH = YES;
				"CODE_SIGN_IDENTITY[sdk=iphoneos*]" = "iPhone Developer";
				COPY_PHASE_STRIP = NO;
				DEBUG_INFORMATION_FORMAT = dwarf;
				ENABLE_STRICT_OBJC_MSGSEND = YES;
				ENABLE_TESTABILITY = YES;
				GCC_C_LANGUAGE_STANDARD = gnu99;
				GCC_DYNAMIC_NO_PIC = NO;
				GCC_NO_COMMON_BLOCKS = YES;
				GCC_OPTIMIZATION_LEVEL = 0;
				GCC_PREPROCESSOR_DEFINITIONS = (
					"DEBUG=1",
					"$(inherited)",
				);
				GCC_WARN_64_TO_32_BIT_CONVERSION = YES;
				GCC_WARN_ABOUT_RETURN_TYPE = YES_ERROR;
				GCC_WARN_UNDECLARED_SELECTOR = YES;
				GCC_WARN_UNINITIALIZED_AUTOS = YES_AGGRESSIVE;
				GCC_WARN_UNUSED_FUNCTION = YES;
				GCC_WARN_UNUSED_VARIABLE = YES;
				IPHONEOS_DEPLOYMENT_TARGET = 9.3;
				MTL_ENABLE_DEBUG_INFO = YES;
				ONLY_ACTIVE_ARCH = YES;
				SDKROOT = iphoneos;
			};
			name = Debug;
		};
		3209D87B1CF419430038E434 /* Release */ = {
			isa = XCBuildConfiguration;
			buildSettings = {
				ALWAYS_SEARCH_USER_PATHS = NO;
				CLANG_ANALYZER_NONNULL = YES;
				CLANG_CXX_LANGUAGE_STANDARD = "gnu++0x";
				CLANG_CXX_LIBRARY = "libc++";
				CLANG_ENABLE_MODULES = YES;
				CLANG_ENABLE_OBJC_ARC = YES;
				CLANG_WARN_BOOL_CONVERSION = YES;
				CLANG_WARN_CONSTANT_CONVERSION = YES;
				CLANG_WARN_DIRECT_OBJC_ISA_USAGE = YES_ERROR;
				CLANG_WARN_EMPTY_BODY = YES;
				CLANG_WARN_ENUM_CONVERSION = YES;
				CLANG_WARN_INT_CONVERSION = YES;
				CLANG_WARN_OBJC_ROOT_CLASS = YES_ERROR;
				CLANG_WARN_UNREACHABLE_CODE = YES;
				CLANG_WARN__DUPLICATE_METHOD_MATCH = YES;
				"CODE_SIGN_IDENTITY[sdk=iphoneos*]" = "iPhone Developer";
				COPY_PHASE_STRIP = NO;
				DEBUG_INFORMATION_FORMAT = "dwarf-with-dsym";
				ENABLE_NS_ASSERTIONS = NO;
				ENABLE_STRICT_OBJC_MSGSEND = YES;
				GCC_C_LANGUAGE_STANDARD = gnu99;
				GCC_NO_COMMON_BLOCKS = YES;
				GCC_WARN_64_TO_32_BIT_CONVERSION = YES;
				GCC_WARN_ABOUT_RETURN_TYPE = YES_ERROR;
				GCC_WARN_UNDECLARED_SELECTOR = YES;
				GCC_WARN_UNINITIALIZED_AUTOS = YES_AGGRESSIVE;
				GCC_WARN_UNUSED_FUNCTION = YES;
				GCC_WARN_UNUSED_VARIABLE = YES;
				IPHONEOS_DEPLOYMENT_TARGET = 9.3;
				MTL_ENABLE_DEBUG_INFO = NO;
				SDKROOT = iphoneos;
				VALIDATE_PRODUCT = YES;
			};
			name = Release;
		};
		3209D87D1CF419430038E434 /* Debug */ = {
			isa = XCBuildConfiguration;
			buildSettings = {
				ASSETCATALOG_COMPILER_APPICON_NAME = AppIcon;
				INFOPLIST_FILE = UITest/Info.plist;
				LD_RUNPATH_SEARCH_PATHS = "$(inherited) @executable_path/Frameworks";
				PRODUCT_BUNDLE_IDENTIFIER = com.devkey.UITest;
				PRODUCT_NAME = "$(TARGET_NAME)";
			};
			name = Debug;
		};
		3209D87E1CF419430038E434 /* Release */ = {
			isa = XCBuildConfiguration;
			buildSettings = {
				ASSETCATALOG_COMPILER_APPICON_NAME = AppIcon;
				INFOPLIST_FILE = UITest/Info.plist;
				LD_RUNPATH_SEARCH_PATHS = "$(inherited) @executable_path/Frameworks";
				PRODUCT_BUNDLE_IDENTIFIER = com.devkey.UITest;
				PRODUCT_NAME = "$(TARGET_NAME)";
			};
			name = Release;
		};
/* End XCBuildConfiguration section */

/* Begin XCConfigurationList section */
		3209D8601CF419430038E434 /* Build configuration list for PBXProject "UITest" */ = {
			isa = XCConfigurationList;
			buildConfigurations = (
				3209D87A1CF419430038E434 /* Debug */,
				3209D87B1CF419430038E434 /* Release */,
			);
			defaultConfigurationIsVisible = 0;
			defaultConfigurationName = Release;
		};
		3209D87C1CF419430038E434 /* Build configuration list for PBXNativeTarget "UITest" */ = {
			isa = XCConfigurationList;
			buildConfigurations = (
				3209D87D1CF419430038E434 /* Debug */,
				3209D87E1CF419430038E434 /* Release */,
			);
			defaultConfigurationIsVisible = 0;
		};
/* End XCConfigurationList section */
	};
	rootObject = 3209D85D1CF419430038E434 /* Project object */;
}
