// !$*UTF8*$!
{
	archiveVersion = 1;
	classes = {
	};
	objectVersion = 46;
	objects = {

/* Begin PBXBuildFile section */
		32E5529D1D0905520007A2C3 /* main.m in Sources */ = {isa = PBXBuildFile; fileRef = 32E5529C1D0905520007A2C3 /* main.m */; };
		32E552A01D0905520007A2C3 /* AppDelegate.m in Sources */ = {isa = PBXBuildFile; fileRef = 32E5529F1D0905520007A2C3 /* AppDelegate.m */; };
		32E552A61D0905520007A2C3 /* Main.storyboard in Resources */ = {isa = PBXBuildFile; fileRef = 32E552A41D0905520007A2C3 /* Main.storyboard */; };
		32E552A81D0905520007A2C3 /* Assets.xcassets in Resources */ = {isa = PBXBuildFile; fileRef = 32E552A71D0905520007A2C3 /* Assets.xcassets */; };
		32E552AB1D0905520007A2C3 /* LaunchScreen.storyboard in Resources */ = {isa = PBXBuildFile; fileRef = 32E552A91D0905520007A2C3 /* LaunchScreen.storyboard */; };
		32E552B41D0907AD0007A2C3 /* DataCenter.m in Sources */ = {isa = PBXBuildFile; fileRef = 32E552B31D0907AD0007A2C3 /* DataCenter.m */; };
		32E552B71D090D9B0007A2C3 /* EditingDataTableViewController.m in Sources */ = {isa = PBXBuildFile; fileRef = 32E552B61D090D9B0007A2C3 /* EditingDataTableViewController.m */; };
/* End PBXBuildFile section */

/* Begin PBXFileReference section */
		32E552981D0905520007A2C3 /* TableViewDataEdit.app */ = {isa = PBXFileReference; explicitFileType = wrapper.application; includeInIndex = 0; path = TableViewDataEdit.app; sourceTree = BUILT_PRODUCTS_DIR; };
		32E5529C1D0905520007A2C3 /* main.m */ = {isa = PBXFileReference; lastKnownFileType = sourcecode.c.objc; path = main.m; sourceTree = "<group>"; };
		32E5529E1D0905520007A2C3 /* AppDelegate.h */ = {isa = PBXFileReference; lastKnownFileType = sourcecode.c.h; path = AppDelegate.h; sourceTree = "<group>"; };
		32E5529F1D0905520007A2C3 /* AppDelegate.m */ = {isa = PBXFileReference; lastKnownFileType = sourcecode.c.objc; path = AppDelegate.m; sourceTree = "<group>"; };
		32E552A51D0905520007A2C3 /* Base */ = {isa = PBXFileReference; lastKnownFileType = file.storyboard; name = Base; path = Base.lproj/Main.storyboard; sourceTree = "<group>"; };
		32E552A71D0905520007A2C3 /* Assets.xcassets */ = {isa = PBXFileReference; lastKnownFileType = folder.assetcatalog; path = Assets.xcassets; sourceTree = "<group>"; };
		32E552AA1D0905520007A2C3 /* Base */ = {isa = PBXFileReference; lastKnownFileType = file.storyboard; name = Base; path = Base.lproj/LaunchScreen.storyboard; sourceTree = "<group>"; };
		32E552AC1D0905520007A2C3 /* Info.plist */ = {isa = PBXFileReference; lastKnownFileType = text.plist.xml; path = Info.plist; sourceTree = "<group>"; };
		32E552B21D0907AD0007A2C3 /* DataCenter.h */ = {isa = PBXFileReference; fileEncoding = 4; lastKnownFileType = sourcecode.c.h; path = DataCenter.h; sourceTree = "<group>"; };
		32E552B31D0907AD0007A2C3 /* DataCenter.m */ = {isa = PBXFileReference; fileEncoding = 4; lastKnownFileType = sourcecode.c.objc; path = DataCenter.m; sourceTree = "<group>"; };
		32E552B51D090D9B0007A2C3 /* EditingDataTableViewController.h */ = {isa = PBXFileReference; fileEncoding = 4; lastKnownFileType = sourcecode.c.h; path = EditingDataTableViewController.h; sourceTree = "<group>"; };
		32E552B61D090D9B0007A2C3 /* EditingDataTableViewController.m */ = {isa = PBXFileReference; fileEncoding = 4; lastKnownFileType = sourcecode.c.objc; path = EditingDataTableViewController.m; sourceTree = "<group>"; };
/* End PBXFileReference section */

/* Begin PBXFrameworksBuildPhase section */
		32E552951D0905520007A2C3 /* Frameworks */ = {
			isa = PBXFrameworksBuildPhase;
			buildActionMask = 2147483647;
			files = (
			);
			runOnlyForDeploymentPostprocessing = 0;
		};
/* End PBXFrameworksBuildPhase section */

/* Begin PBXGroup section */
		32E5528F1D0905520007A2C3 = {
			isa = PBXGroup;
			children = (
				32E5529A1D0905520007A2C3 /* TableViewDataEdit */,
				32E552991D0905520007A2C3 /* Products */,
			);
			sourceTree = "<group>";
		};
		32E552991D0905520007A2C3 /* Products */ = {
			isa = PBXGroup;
			children = (
				32E552981D0905520007A2C3 /* TableViewDataEdit.app */,
			);
			name = Products;
			sourceTree = "<group>";
		};
		32E5529A1D0905520007A2C3 /* TableViewDataEdit */ = {
			isa = PBXGroup;
			children = (
				32E5529E1D0905520007A2C3 /* AppDelegate.h */,
				32E5529F1D0905520007A2C3 /* AppDelegate.m */,
				32E552A41D0905520007A2C3 /* Main.storyboard */,
				32E552A71D0905520007A2C3 /* Assets.xcassets */,
				32E552A91D0905520007A2C3 /* LaunchScreen.storyboard */,
				32E552AC1D0905520007A2C3 /* Info.plist */,
				32E5529B1D0905520007A2C3 /* Supporting Files */,
				32E552B21D0907AD0007A2C3 /* DataCenter.h */,
				32E552B31D0907AD0007A2C3 /* DataCenter.m */,
				32E552B51D090D9B0007A2C3 /* EditingDataTableViewController.h */,
				32E552B61D090D9B0007A2C3 /* EditingDataTableViewController.m */,
			);
			path = TableViewDataEdit;
			sourceTree = "<group>";
		};
		32E5529B1D0905520007A2C3 /* Supporting Files */ = {
			isa = PBXGroup;
			children = (
				32E5529C1D0905520007A2C3 /* main.m */,
			);
			name = "Supporting Files";
			sourceTree = "<group>";
		};
/* End PBXGroup section */

/* Begin PBXNativeTarget section */
		32E552971D0905520007A2C3 /* TableViewDataEdit */ = {
			isa = PBXNativeTarget;
			buildConfigurationList = 32E552AF1D0905520007A2C3 /* Build configuration list for PBXNativeTarget "TableViewDataEdit" */;
			buildPhases = (
				32E552941D0905520007A2C3 /* Sources */,
				32E552951D0905520007A2C3 /* Frameworks */,
				32E552961D0905520007A2C3 /* Resources */,
			);
			buildRules = (
			);
			dependencies = (
			);
			name = TableViewDataEdit;
			productName = TableViewDataEdit;
			productReference = 32E552981D0905520007A2C3 /* TableViewDataEdit.app */;
			productType = "com.apple.product-type.application";
		};
/* End PBXNativeTarget section */

/* Begin PBXProject section */
		32E552901D0905520007A2C3 /* Project object */ = {
			isa = PBXProject;
			attributes = {
				LastUpgradeCheck = 0730;
				ORGANIZATIONNAME = LEEJIHO;
				TargetAttributes = {
					32E552971D0905520007A2C3 = {
						CreatedOnToolsVersion = 7.3.1;
					};
				};
			};
			buildConfigurationList = 32E552931D0905520007A2C3 /* Build configuration list for PBXProject "TableViewDataEdit" */;
			compatibilityVersion = "Xcode 3.2";
			developmentRegion = English;
			hasScannedForEncodings = 0;
			knownRegions = (
				en,
				Base,
			);
			mainGroup = 32E5528F1D0905520007A2C3;
			productRefGroup = 32E552991D0905520007A2C3 /* Products */;
			projectDirPath = "";
			projectRoot = "";
			targets = (
				32E552971D0905520007A2C3 /* TableViewDataEdit */,
			);
		};
/* End PBXProject section */

/* Begin PBXResourcesBuildPhase section */
		32E552961D0905520007A2C3 /* Resources */ = {
			isa = PBXResourcesBuildPhase;
			buildActionMask = 2147483647;
			files = (
				32E552AB1D0905520007A2C3 /* LaunchScreen.storyboard in Resources */,
				32E552A81D0905520007A2C3 /* Assets.xcassets in Resources */,
				32E552A61D0905520007A2C3 /* Main.storyboard in Resources */,
			);
			runOnlyForDeploymentPostprocessing = 0;
		};
/* End PBXResourcesBuildPhase section */

/* Begin PBXSourcesBuildPhase section */
		32E552941D0905520007A2C3 /* Sources */ = {
			isa = PBXSourcesBuildPhase;
			buildActionMask = 2147483647;
			files = (
				32E552B71D090D9B0007A2C3 /* EditingDataTableViewController.m in Sources */,
				32E552A01D0905520007A2C3 /* AppDelegate.m in Sources */,
				32E552B41D0907AD0007A2C3 /* DataCenter.m in Sources */,
				32E5529D1D0905520007A2C3 /* main.m in Sources */,
			);
			runOnlyForDeploymentPostprocessing = 0;
		};
/* End PBXSourcesBuildPhase section */

/* Begin PBXVariantGroup section */
		32E552A41D0905520007A2C3 /* Main.storyboard */ = {
			isa = PBXVariantGroup;
			children = (
				32E552A51D0905520007A2C3 /* Base */,
			);
			name = Main.storyboard;
			sourceTree = "<group>";
		};
		32E552A91D0905520007A2C3 /* LaunchScreen.storyboard */ = {
			isa = PBXVariantGroup;
			children = (
				32E552AA1D0905520007A2C3 /* Base */,
			);
			name = LaunchScreen.storyboard;
			sourceTree = "<group>";
		};
/* End PBXVariantGroup section */

/* Begin XCBuildConfiguration section */
		32E552AD1D0905520007A2C3 /* Debug */ = {
			isa = XCBuildConfiguration;
			buildSettings = {
				ALWAYS_SEARCH_USER_PATHS = NO;
				CLANG_ANALYZER_NONNULL = YES;
				CLANG_CXX_LANGUAGE_STANDARD = "gnu++0x";
				CLANG_CXX_LIBRARY = "libc++";
				CLANG_ENABLE_MODULES = YES;
				CLANG_ENABLE_OBJC_ARC = YES;
				CLANG_WARN_BOOL_CONVERSION = YES;
				CLANG_WARN_CONSTANT_CONVERSION = YES;
				CLANG_WARN_DIRECT_OBJC_ISA_USAGE = YES_ERROR;
				CLANG_WARN_EMPTY_BODY = YES;
				CLANG_WARN_ENUM_CONVERSION = YES;
				CLANG_WARN_INT_CONVERSION = YES;
				CLANG_WARN_OBJC_ROOT_CLASS = YES_ERROR;
				CLANG_WARN_UNREACHABLE_CODE = YES;
				CLANG_WARN__DUPLICATE_METHOD_MATCH = YES;
				"CODE_SIGN_IDENTITY[sdk=iphoneos*]" = "iPhone Developer";
				COPY_PHASE_STRIP = NO;
				DEBUG_INFORMATION_FORMAT = dwarf;
				ENABLE_STRICT_OBJC_MSGSEND = YES;
				ENABLE_TESTABILITY = YES;
				GCC_C_LANGUAGE_STANDARD = gnu99;
				GCC_DYNAMIC_NO_PIC = NO;
				GCC_NO_COMMON_BLOCKS = YES;
				GCC_OPTIMIZATION_LEVEL = 0;
				GCC_PREPROCESSOR_DEFINITIONS = (
					"DEBUG=1",
					"$(inherited)",
				);
				GCC_WARN_64_TO_32_BIT_CONVERSION = YES;
				GCC_WARN_ABOUT_RETURN_TYPE = YES_ERROR;
				GCC_WARN_UNDECLARED_SELECTOR = YES;
				GCC_WARN_UNINITIALIZED_AUTOS = YES_AGGRESSIVE;
				GCC_WARN_UNUSED_FUNCTION = YES;
				GCC_WARN_UNUSED_VARIABLE = YES;
				IPHONEOS_DEPLOYMENT_TARGET = 9.3;
				MTL_ENABLE_DEBUG_INFO = YES;
				ONLY_ACTIVE_ARCH = YES;
				SDKROOT = iphoneos;
			};
			name = Debug;
		};
		32E552AE1D0905520007A2C3 /* Release */ = {
			isa = XCBuildConfiguration;
			buildSettings = {
				ALWAYS_SEARCH_USER_PATHS = NO;
				CLANG_ANALYZER_NONNULL = YES;
				CLANG_CXX_LANGUAGE_STANDARD = "gnu++0x";
				CLANG_CXX_LIBRARY = "libc++";
				CLANG_ENABLE_MODULES = YES;
				CLANG_ENABLE_OBJC_ARC = YES;
				CLANG_WARN_BOOL_CONVERSION = YES;
				CLANG_WARN_CONSTANT_CONVERSION = YES;
				CLANG_WARN_DIRECT_OBJC_ISA_USAGE = YES_ERROR;
				CLANG_WARN_EMPTY_BODY = YES;
				CLANG_WARN_ENUM_CONVERSION = YES;
				CLANG_WARN_INT_CONVERSION = YES;
				CLANG_WARN_OBJC_ROOT_CLASS = YES_ERROR;
				CLANG_WARN_UNREACHABLE_CODE = YES;
				CLANG_WARN__DUPLICATE_METHOD_MATCH = YES;
				"CODE_SIGN_IDENTITY[sdk=iphoneos*]" = "iPhone Developer";
				COPY_PHASE_STRIP = NO;
				DEBUG_INFORMATION_FORMAT = "dwarf-with-dsym";
				ENABLE_NS_ASSERTIONS = NO;
				ENABLE_STRICT_OBJC_MSGSEND = YES;
				GCC_C_LANGUAGE_STANDARD = gnu99;
				GCC_NO_COMMON_BLOCKS = YES;
				GCC_WARN_64_TO_32_BIT_CONVERSION = YES;
				GCC_WARN_ABOUT_RETURN_TYPE = YES_ERROR;
				GCC_WARN_UNDECLARED_SELECTOR = YES;
				GCC_WARN_UNINITIALIZED_AUTOS = YES_AGGRESSIVE;
				GCC_WARN_UNUSED_FUNCTION = YES;
				GCC_WARN_UNUSED_VARIABLE = YES;
				IPHONEOS_DEPLOYMENT_TARGET = 9.3;
				MTL_ENABLE_DEBUG_INFO = NO;
				SDKROOT = iphoneos;
				VALIDATE_PRODUCT = YES;
			};
			name = Release;
		};
		32E552B01D0905520007A2C3 /* Debug */ = {
			isa = XCBuildConfiguration;
			buildSettings = {
				ASSETCATALOG_COMPILER_APPICON_NAME = AppIcon;
				INFOPLIST_FILE = TableViewDataEdit/Info.plist;
				LD_RUNPATH_SEARCH_PATHS = "$(inherited) @executable_path/Frameworks";
				PRODUCT_BUNDLE_IDENTIFIER = com.devkey.TableViewDataEdit;
				PRODUCT_NAME = "$(TARGET_NAME)";
			};
			name = Debug;
		};
		32E552B11D0905520007A2C3 /* Release */ = {
			isa = XCBuildConfiguration;
			buildSettings = {
				ASSETCATALOG_COMPILER_APPICON_NAME = AppIcon;
				INFOPLIST_FILE = TableViewDataEdit/Info.plist;
				LD_RUNPATH_SEARCH_PATHS = "$(inherited) @executable_path/Frameworks";
				PRODUCT_BUNDLE_IDENTIFIER = com.devkey.TableViewDataEdit;
				PRODUCT_NAME = "$(TARGET_NAME)";
			};
			name = Release;
		};
/* End XCBuildConfiguration section */

/* Begin XCConfigurationList section */
		32E552931D0905520007A2C3 /* Build configuration list for PBXProject "TableViewDataEdit" */ = {
			isa = XCConfigurationList;
			buildConfigurations = (
				32E552AD1D0905520007A2C3 /* Debug */,
				32E552AE1D0905520007A2C3 /* Release */,
			);
			defaultConfigurationIsVisible = 0;
			defaultConfigurationName = Release;
		};
		32E552AF1D0905520007A2C3 /* Build configuration list for PBXNativeTarget "TableViewDataEdit" */ = {
			isa = XCConfigurationList;
			buildConfigurations = (
				32E552B01D0905520007A2C3 /* Debug */,
				32E552B11D0905520007A2C3 /* Release */,
			);
			defaultConfigurationIsVisible = 0;
		};
/* End XCConfigurationList section */
	};
	rootObject = 32E552901D0905520007A2C3 /* Project object */;
}
