// !$*UTF8*$!
{
	archiveVersion = 1;
	classes = {
	};
	objectVersion = 46;
	objects = {

/* Begin PBXBuildFile section */
		32270E091CE1CAB700B67BA0 /* ToolBox.m in Sources */ = {isa = PBXBuildFile; fileRef = 32270E081CE1CAB700B67BA0 /* ToolBox.m */; };
		3257DB5D1CE179EB00BDC4AF /* main.m in Sources */ = {isa = PBXBuildFile; fileRef = 3257DB5C1CE179EB00BDC4AF /* main.m */; };
		3257DB681CE17A7800BDC4AF /* CalculationScore.m in Sources */ = {isa = PBXBuildFile; fileRef = 3257DB671CE17A7800BDC4AF /* CalculationScore.m */; };
/* End PBXBuildFile section */

/* Begin PBXCopyFilesBuildPhase section */
		3257DB571CE179EB00BDC4AF /* CopyFiles */ = {
			isa = PBXCopyFilesBuildPhase;
			buildActionMask = 2147483647;
			dstPath = /usr/share/man/man1/;
			dstSubfolderSpec = 0;
			files = (
			);
			runOnlyForDeploymentPostprocessing = 1;
		};
/* End PBXCopyFilesBuildPhase section */

/* Begin PBXFileReference section */
		32270E071CE1CAB700B67BA0 /* ToolBox.h */ = {isa = PBXFileReference; fileEncoding = 4; lastKnownFileType = sourcecode.c.h; path = ToolBox.h; sourceTree = "<group>"; };
		32270E081CE1CAB700B67BA0 /* ToolBox.m */ = {isa = PBXFileReference; fileEncoding = 4; lastKnownFileType = sourcecode.c.objc; path = ToolBox.m; sourceTree = "<group>"; };
		3257DB591CE179EB00BDC4AF /* TestScore */ = {isa = PBXFileReference; explicitFileType = "compiled.mach-o.executable"; includeInIndex = 0; path = TestScore; sourceTree = BUILT_PRODUCTS_DIR; };
		3257DB5C1CE179EB00BDC4AF /* main.m */ = {isa = PBXFileReference; lastKnownFileType = sourcecode.c.objc; path = main.m; sourceTree = "<group>"; };
		3257DB661CE17A7800BDC4AF /* CalculationScore.h */ = {isa = PBXFileReference; fileEncoding = 4; lastKnownFileType = sourcecode.c.h; path = CalculationScore.h; sourceTree = "<group>"; };
		3257DB671CE17A7800BDC4AF /* CalculationScore.m */ = {isa = PBXFileReference; fileEncoding = 4; lastKnownFileType = sourcecode.c.objc; path = CalculationScore.m; sourceTree = "<group>"; };
/* End PBXFileReference section */

/* Begin PBXFrameworksBuildPhase section */
		3257DB561CE179EB00BDC4AF /* Frameworks */ = {
			isa = PBXFrameworksBuildPhase;
			buildActionMask = 2147483647;
			files = (
			);
			runOnlyForDeploymentPostprocessing = 0;
		};
/* End PBXFrameworksBuildPhase section */

/* Begin PBXGroup section */
		3257DB501CE179EB00BDC4AF = {
			isa = PBXGroup;
			children = (
				3257DB5B1CE179EB00BDC4AF /* TestScore */,
				3257DB5A1CE179EB00BDC4AF /* Products */,
			);
			sourceTree = "<group>";
		};
		3257DB5A1CE179EB00BDC4AF /* Products */ = {
			isa = PBXGroup;
			children = (
				3257DB591CE179EB00BDC4AF /* TestScore */,
			);
			name = Products;
			sourceTree = "<group>";
		};
		3257DB5B1CE179EB00BDC4AF /* TestScore */ = {
			isa = PBXGroup;
			children = (
				3257DB5C1CE179EB00BDC4AF /* main.m */,
				3257DB661CE17A7800BDC4AF /* CalculationScore.h */,
				3257DB671CE17A7800BDC4AF /* CalculationScore.m */,
				32270E071CE1CAB700B67BA0 /* ToolBox.h */,
				32270E081CE1CAB700B67BA0 /* ToolBox.m */,
			);
			path = TestScore;
			sourceTree = "<group>";
		};
/* End PBXGroup section */

/* Begin PBXNativeTarget section */
		3257DB581CE179EB00BDC4AF /* TestScore */ = {
			isa = PBXNativeTarget;
			buildConfigurationList = 3257DB601CE179EB00BDC4AF /* Build configuration list for PBXNativeTarget "TestScore" */;
			buildPhases = (
				3257DB551CE179EB00BDC4AF /* Sources */,
				3257DB561CE179EB00BDC4AF /* Frameworks */,
				3257DB571CE179EB00BDC4AF /* CopyFiles */,
			);
			buildRules = (
			);
			dependencies = (
			);
			name = TestScore;
			productName = TestScore;
			productReference = 3257DB591CE179EB00BDC4AF /* TestScore */;
			productType = "com.apple.product-type.tool";
		};
/* End PBXNativeTarget section */

/* Begin PBXProject section */
		3257DB511CE179EB00BDC4AF /* Project object */ = {
			isa = PBXProject;
			attributes = {
				LastUpgradeCheck = 0730;
				ORGANIZATIONNAME = LEEJIHO;
				TargetAttributes = {
					3257DB581CE179EB00BDC4AF = {
						CreatedOnToolsVersion = 7.3.1;
					};
				};
			};
			buildConfigurationList = 3257DB541CE179EB00BDC4AF /* Build configuration list for PBXProject "TestScore" */;
			compatibilityVersion = "Xcode 3.2";
			developmentRegion = English;
			hasScannedForEncodings = 0;
			knownRegions = (
				en,
			);
			mainGroup = 3257DB501CE179EB00BDC4AF;
			productRefGroup = 3257DB5A1CE179EB00BDC4AF /* Products */;
			projectDirPath = "";
			projectRoot = "";
			targets = (
				3257DB581CE179EB00BDC4AF /* TestScore */,
			);
		};
/* End PBXProject section */

/* Begin PBXSourcesBuildPhase section */
		3257DB551CE179EB00BDC4AF /* Sources */ = {
			isa = PBXSourcesBuildPhase;
			buildActionMask = 2147483647;
			files = (
				32270E091CE1CAB700B67BA0 /* ToolBox.m in Sources */,
				3257DB681CE17A7800BDC4AF /* CalculationScore.m in Sources */,
				3257DB5D1CE179EB00BDC4AF /* main.m in Sources */,
			);
			runOnlyForDeploymentPostprocessing = 0;
		};
/* End PBXSourcesBuildPhase section */

/* Begin XCBuildConfiguration section */
		3257DB5E1CE179EB00BDC4AF /* Debug */ = {
			isa = XCBuildConfiguration;
			buildSettings = {
				ALWAYS_SEARCH_USER_PATHS = NO;
				CLANG_ANALYZER_NONNULL = YES;
				CLANG_CXX_LANGUAGE_STANDARD = "gnu++0x";
				CLANG_CXX_LIBRARY = "libc++";
				CLANG_ENABLE_MODULES = YES;
				CLANG_ENABLE_OBJC_ARC = YES;
				CLANG_WARN_BOOL_CONVERSION = YES;
				CLANG_WARN_CONSTANT_CONVERSION = YES;
				CLANG_WARN_DIRECT_OBJC_ISA_USAGE = YES_ERROR;
				CLANG_WARN_EMPTY_BODY = YES;
				CLANG_WARN_ENUM_CONVERSION = YES;
				CLANG_WARN_INT_CONVERSION = YES;
				CLANG_WARN_OBJC_ROOT_CLASS = YES_ERROR;
				CLANG_WARN_UNREACHABLE_CODE = YES;
				CLANG_WARN__DUPLICATE_METHOD_MATCH = YES;
				CODE_SIGN_IDENTITY = "-";
				COPY_PHASE_STRIP = NO;
				DEBUG_INFORMATION_FORMAT = dwarf;
				ENABLE_STRICT_OBJC_MSGSEND = YES;
				ENABLE_TESTABILITY = YES;
				GCC_C_LANGUAGE_STANDARD = gnu99;
				GCC_DYNAMIC_NO_PIC = NO;
				GCC_NO_COMMON_BLOCKS = YES;
				GCC_OPTIMIZATION_LEVEL = 0;
				GCC_PREPROCESSOR_DEFINITIONS = (
					"DEBUG=1",
					"$(inherited)",
				);
				GCC_WARN_64_TO_32_BIT_CONVERSION = YES;
				GCC_WARN_ABOUT_RETURN_TYPE = YES_ERROR;
				GCC_WARN_UNDECLARED_SELECTOR = YES;
				GCC_WARN_UNINITIALIZED_AUTOS = YES_AGGRESSIVE;
				GCC_WARN_UNUSED_FUNCTION = YES;
				GCC_WARN_UNUSED_VARIABLE = YES;
				MACOSX_DEPLOYMENT_TARGET = 10.11;
				MTL_ENABLE_DEBUG_INFO = YES;
				ONLY_ACTIVE_ARCH = YES;
				SDKROOT = macosx;
			};
			name = Debug;
		};
		3257DB5F1CE179EB00BDC4AF /* Release */ = {
			isa = XCBuildConfiguration;
			buildSettings = {
				ALWAYS_SEARCH_USER_PATHS = NO;
				CLANG_ANALYZER_NONNULL = YES;
				CLANG_CXX_LANGUAGE_STANDARD = "gnu++0x";
				CLANG_CXX_LIBRARY = "libc++";
				CLANG_ENABLE_MODULES = YES;
				CLANG_ENABLE_OBJC_ARC = YES;
				CLANG_WARN_BOOL_CONVERSION = YES;
				CLANG_WARN_CONSTANT_CONVERSION = YES;
				CLANG_WARN_DIRECT_OBJC_ISA_USAGE = YES_ERROR;
				CLANG_WARN_EMPTY_BODY = YES;
				CLANG_WARN_ENUM_CONVERSION = YES;
				CLANG_WARN_INT_CONVERSION = YES;
				CLANG_WARN_OBJC_ROOT_CLASS = YES_ERROR;
				CLANG_WARN_UNREACHABLE_CODE = YES;
				CLANG_WARN__DUPLICATE_METHOD_MATCH = YES;
				CODE_SIGN_IDENTITY = "-";
				COPY_PHASE_STRIP = NO;
				DEBUG_INFORMATION_FORMAT = "dwarf-with-dsym";
				ENABLE_NS_ASSERTIONS = NO;
				ENABLE_STRICT_OBJC_MSGSEND = YES;
				GCC_C_LANGUAGE_STANDARD = gnu99;
				GCC_NO_COMMON_BLOCKS = YES;
				GCC_WARN_64_TO_32_BIT_CONVERSION = YES;
				GCC_WARN_ABOUT_RETURN_TYPE = YES_ERROR;
				GCC_WARN_UNDECLARED_SELECTOR = YES;
				GCC_WARN_UNINITIALIZED_AUTOS = YES_AGGRESSIVE;
				GCC_WARN_UNUSED_FUNCTION = YES;
				GCC_WARN_UNUSED_VARIABLE = YES;
				MACOSX_DEPLOYMENT_TARGET = 10.11;
				MTL_ENABLE_DEBUG_INFO = NO;
				SDKROOT = macosx;
			};
			name = Release;
		};
		3257DB611CE179EB00BDC4AF /* Debug */ = {
			isa = XCBuildConfiguration;
			buildSettings = {
				PRODUCT_NAME = "$(TARGET_NAME)";
			};
			name = Debug;
		};
		3257DB621CE179EB00BDC4AF /* Release */ = {
			isa = XCBuildConfiguration;
			buildSettings = {
				PRODUCT_NAME = "$(TARGET_NAME)";
			};
			name = Release;
		};
/* End XCBuildConfiguration section */

/* Begin XCConfigurationList section */
		3257DB541CE179EB00BDC4AF /* Build configuration list for PBXProject "TestScore" */ = {
			isa = XCConfigurationList;
			buildConfigurations = (
				3257DB5E1CE179EB00BDC4AF /* Debug */,
				3257DB5F1CE179EB00BDC4AF /* Release */,
			);
			defaultConfigurationIsVisible = 0;
			defaultConfigurationName = Release;
		};
		3257DB601CE179EB00BDC4AF /* Build configuration list for PBXNativeTarget "TestScore" */ = {
			isa = XCConfigurationList;
			buildConfigurations = (
				3257DB611CE179EB00BDC4AF /* Debug */,
				3257DB621CE179EB00BDC4AF /* Release */,
			);
			defaultConfigurationIsVisible = 0;
			defaultConfigurationName = Release;
		};
/* End XCConfigurationList section */
	};
	rootObject = 3257DB511CE179EB00BDC4AF /* Project object */;
}
