// !$*UTF8*$!
{
	archiveVersion = 1;
	classes = {
	};
	objectVersion = 46;
	objects = {

/* Begin PBXBuildFile section */
		32AFE52F1CE3FC6000008951 /* main.m in Sources */ = {isa = PBXBuildFile; fileRef = 32AFE52E1CE3FC6000008951 /* main.m */; };
		32AFE5371CE3FC8E00008951 /* Card.m in Sources */ = {isa = PBXBuildFile; fileRef = 32AFE5361CE3FC8E00008951 /* Card.m */; };
		32AFE53A1CE3FC9B00008951 /* Dealer.m in Sources */ = {isa = PBXBuildFile; fileRef = 32AFE5391CE3FC9B00008951 /* Dealer.m */; };
/* End PBXBuildFile section */

/* Begin PBXCopyFilesBuildPhase section */
		32AFE5291CE3FC6000008951 /* CopyFiles */ = {
			isa = PBXCopyFilesBuildPhase;
			buildActionMask = 2147483647;
			dstPath = /usr/share/man/man1/;
			dstSubfolderSpec = 0;
			files = (
			);
			runOnlyForDeploymentPostprocessing = 1;
		};
/* End PBXCopyFilesBuildPhase section */

/* Begin PBXFileReference section */
		32AFE52B1CE3FC6000008951 /* cardDeck */ = {isa = PBXFileReference; explicitFileType = "compiled.mach-o.executable"; includeInIndex = 0; path = cardDeck; sourceTree = BUILT_PRODUCTS_DIR; };
		32AFE52E1CE3FC6000008951 /* main.m */ = {isa = PBXFileReference; lastKnownFileType = sourcecode.c.objc; path = main.m; sourceTree = "<group>"; };
		32AFE5351CE3FC8E00008951 /* Card.h */ = {isa = PBXFileReference; fileEncoding = 4; lastKnownFileType = sourcecode.c.h; path = Card.h; sourceTree = "<group>"; };
		32AFE5361CE3FC8E00008951 /* Card.m */ = {isa = PBXFileReference; fileEncoding = 4; lastKnownFileType = sourcecode.c.objc; path = Card.m; sourceTree = "<group>"; };
		32AFE5381CE3FC9B00008951 /* Dealer.h */ = {isa = PBXFileReference; fileEncoding = 4; lastKnownFileType = sourcecode.c.h; path = Dealer.h; sourceTree = "<group>"; };
		32AFE5391CE3FC9B00008951 /* Dealer.m */ = {isa = PBXFileReference; fileEncoding = 4; lastKnownFileType = sourcecode.c.objc; path = Dealer.m; sourceTree = "<group>"; };
/* End PBXFileReference section */

/* Begin PBXFrameworksBuildPhase section */
		32AFE5281CE3FC6000008951 /* Frameworks */ = {
			isa = PBXFrameworksBuildPhase;
			buildActionMask = 2147483647;
			files = (
			);
			runOnlyForDeploymentPostprocessing = 0;
		};
/* End PBXFrameworksBuildPhase section */

/* Begin PBXGroup section */
		32AFE5221CE3FC6000008951 = {
			isa = PBXGroup;
			children = (
				32AFE52D1CE3FC6000008951 /* cardDeck */,
				32AFE52C1CE3FC6000008951 /* Products */,
			);
			sourceTree = "<group>";
		};
		32AFE52C1CE3FC6000008951 /* Products */ = {
			isa = PBXGroup;
			children = (
				32AFE52B1CE3FC6000008951 /* cardDeck */,
			);
			name = Products;
			sourceTree = "<group>";
		};
		32AFE52D1CE3FC6000008951 /* cardDeck */ = {
			isa = PBXGroup;
			children = (
				32AFE5351CE3FC8E00008951 /* Card.h */,
				32AFE5361CE3FC8E00008951 /* Card.m */,
				32AFE5381CE3FC9B00008951 /* Dealer.h */,
				32AFE5391CE3FC9B00008951 /* Dealer.m */,
				32AFE52E1CE3FC6000008951 /* main.m */,
			);
			path = cardDeck;
			sourceTree = "<group>";
		};
/* End PBXGroup section */

/* Begin PBXNativeTarget section */
		32AFE52A1CE3FC6000008951 /* cardDeck */ = {
			isa = PBXNativeTarget;
			buildConfigurationList = 32AFE5321CE3FC6000008951 /* Build configuration list for PBXNativeTarget "cardDeck" */;
			buildPhases = (
				32AFE5271CE3FC6000008951 /* Sources */,
				32AFE5281CE3FC6000008951 /* Frameworks */,
				32AFE5291CE3FC6000008951 /* CopyFiles */,
			);
			buildRules = (
			);
			dependencies = (
			);
			name = cardDeck;
			productName = cardDeck;
			productReference = 32AFE52B1CE3FC6000008951 /* cardDeck */;
			productType = "com.apple.product-type.tool";
		};
/* End PBXNativeTarget section */

/* Begin PBXProject section */
		32AFE5231CE3FC6000008951 /* Project object */ = {
			isa = PBXProject;
			attributes = {
				LastUpgradeCheck = 0730;
				ORGANIZATIONNAME = LEEJIHO;
				TargetAttributes = {
					32AFE52A1CE3FC6000008951 = {
						CreatedOnToolsVersion = 7.3.1;
					};
				};
			};
			buildConfigurationList = 32AFE5261CE3FC6000008951 /* Build configuration list for PBXProject "cardDeck" */;
			compatibilityVersion = "Xcode 3.2";
			developmentRegion = English;
			hasScannedForEncodings = 0;
			knownRegions = (
				en,
			);
			mainGroup = 32AFE5221CE3FC6000008951;
			productRefGroup = 32AFE52C1CE3FC6000008951 /* Products */;
			projectDirPath = "";
			projectRoot = "";
			targets = (
				32AFE52A1CE3FC6000008951 /* cardDeck */,
			);
		};
/* End PBXProject section */

/* Begin PBXSourcesBuildPhase section */
		32AFE5271CE3FC6000008951 /* Sources */ = {
			isa = PBXSourcesBuildPhase;
			buildActionMask = 2147483647;
			files = (
				32AFE52F1CE3FC6000008951 /* main.m in Sources */,
				32AFE53A1CE3FC9B00008951 /* Dealer.m in Sources */,
				32AFE5371CE3FC8E00008951 /* Card.m in Sources */,
			);
			runOnlyForDeploymentPostprocessing = 0;
		};
/* End PBXSourcesBuildPhase section */

/* Begin XCBuildConfiguration section */
		32AFE5301CE3FC6000008951 /* Debug */ = {
			isa = XCBuildConfiguration;
			buildSettings = {
				ALWAYS_SEARCH_USER_PATHS = NO;
				CLANG_ANALYZER_NONNULL = YES;
				CLANG_CXX_LANGUAGE_STANDARD = "gnu++0x";
				CLANG_CXX_LIBRARY = "libc++";
				CLANG_ENABLE_MODULES = YES;
				CLANG_ENABLE_OBJC_ARC = YES;
				CLANG_WARN_BOOL_CONVERSION = YES;
				CLANG_WARN_CONSTANT_CONVERSION = YES;
				CLANG_WARN_DIRECT_OBJC_ISA_USAGE = YES_ERROR;
				CLANG_WARN_EMPTY_BODY = YES;
				CLANG_WARN_ENUM_CONVERSION = YES;
				CLANG_WARN_INT_CONVERSION = YES;
				CLANG_WARN_OBJC_ROOT_CLASS = YES_ERROR;
				CLANG_WARN_UNREACHABLE_CODE = YES;
				CLANG_WARN__DUPLICATE_METHOD_MATCH = YES;
				CODE_SIGN_IDENTITY = "-";
				COPY_PHASE_STRIP = NO;
				DEBUG_INFORMATION_FORMAT = dwarf;
				ENABLE_STRICT_OBJC_MSGSEND = YES;
				ENABLE_TESTABILITY = YES;
				GCC_C_LANGUAGE_STANDARD = gnu99;
				GCC_DYNAMIC_NO_PIC = NO;
				GCC_NO_COMMON_BLOCKS = YES;
				GCC_OPTIMIZATION_LEVEL = 0;
				GCC_PREPROCESSOR_DEFINITIONS = (
					"DEBUG=1",
					"$(inherited)",
				);
				GCC_WARN_64_TO_32_BIT_CONVERSION = YES;
				GCC_WARN_ABOUT_RETURN_TYPE = YES_ERROR;
				GCC_WARN_UNDECLARED_SELECTOR = YES;
				GCC_WARN_UNINITIALIZED_AUTOS = YES_AGGRESSIVE;
				GCC_WARN_UNUSED_FUNCTION = YES;
				GCC_WARN_UNUSED_VARIABLE = YES;
				MACOSX_DEPLOYMENT_TARGET = 10.11;
				MTL_ENABLE_DEBUG_INFO = YES;
				ONLY_ACTIVE_ARCH = YES;
				SDKROOT = macosx;
			};
			name = Debug;
		};
		32AFE5311CE3FC6000008951 /* Release */ = {
			isa = XCBuildConfiguration;
			buildSettings = {
				ALWAYS_SEARCH_USER_PATHS = NO;
				CLANG_ANALYZER_NONNULL = YES;
				CLANG_CXX_LANGUAGE_STANDARD = "gnu++0x";
				CLANG_CXX_LIBRARY = "libc++";
				CLANG_ENABLE_MODULES = YES;
				CLANG_ENABLE_OBJC_ARC = YES;
				CLANG_WARN_BOOL_CONVERSION = YES;
				CLANG_WARN_CONSTANT_CONVERSION = YES;
				CLANG_WARN_DIRECT_OBJC_ISA_USAGE = YES_ERROR;
				CLANG_WARN_EMPTY_BODY = YES;
				CLANG_WARN_ENUM_CONVERSION = YES;
				CLANG_WARN_INT_CONVERSION = YES;
				CLANG_WARN_OBJC_ROOT_CLASS = YES_ERROR;
				CLANG_WARN_UNREACHABLE_CODE = YES;
				CLANG_WARN__DUPLICATE_METHOD_MATCH = YES;
				CODE_SIGN_IDENTITY = "-";
				COPY_PHASE_STRIP = NO;
				DEBUG_INFORMATION_FORMAT = "dwarf-with-dsym";
				ENABLE_NS_ASSERTIONS = NO;
				ENABLE_STRICT_OBJC_MSGSEND = YES;
				GCC_C_LANGUAGE_STANDARD = gnu99;
				GCC_NO_COMMON_BLOCKS = YES;
				GCC_WARN_64_TO_32_BIT_CONVERSION = YES;
				GCC_WARN_ABOUT_RETURN_TYPE = YES_ERROR;
				GCC_WARN_UNDECLARED_SELECTOR = YES;
				GCC_WARN_UNINITIALIZED_AUTOS = YES_AGGRESSIVE;
				GCC_WARN_UNUSED_FUNCTION = YES;
				GCC_WARN_UNUSED_VARIABLE = YES;
				MACOSX_DEPLOYMENT_TARGET = 10.11;
				MTL_ENABLE_DEBUG_INFO = NO;
				SDKROOT = macosx;
			};
			name = Release;
		};
		32AFE5331CE3FC6000008951 /* Debug */ = {
			isa = XCBuildConfiguration;
			buildSettings = {
				PRODUCT_NAME = "$(TARGET_NAME)";
			};
			name = Debug;
		};
		32AFE5341CE3FC6000008951 /* Release */ = {
			isa = XCBuildConfiguration;
			buildSettings = {
				PRODUCT_NAME = "$(TARGET_NAME)";
			};
			name = Release;
		};
/* End XCBuildConfiguration section */

/* Begin XCConfigurationList section */
		32AFE5261CE3FC6000008951 /* Build configuration list for PBXProject "cardDeck" */ = {
			isa = XCConfigurationList;
			buildConfigurations = (
				32AFE5301CE3FC6000008951 /* Debug */,
				32AFE5311CE3FC6000008951 /* Release */,
			);
			defaultConfigurationIsVisible = 0;
			defaultConfigurationName = Release;
		};
		32AFE5321CE3FC6000008951 /* Build configuration list for PBXNativeTarget "cardDeck" */ = {
			isa = XCConfigurationList;
			buildConfigurations = (
				32AFE5331CE3FC6000008951 /* Debug */,
				32AFE5341CE3FC6000008951 /* Release */,
			);
			defaultConfigurationIsVisible = 0;
		};
/* End XCConfigurationList section */
	};
	rootObject = 32AFE5231CE3FC6000008951 /* Project object */;
}
