// !$*UTF8*$!
{
	archiveVersion = 1;
	classes = {
	};
	objectVersion = 46;
	objects = {

/* Begin PBXBuildFile section */
		32950D4E1D09440C006DDCFD /* main.m in Sources */ = {isa = PBXBuildFile; fileRef = 32950D4D1D09440C006DDCFD /* main.m */; };
		32950D511D09440C006DDCFD /* AppDelegate.m in Sources */ = {isa = PBXBuildFile; fileRef = 32950D501D09440C006DDCFD /* AppDelegate.m */; };
		32950D541D09440C006DDCFD /* ViewController.m in Sources */ = {isa = PBXBuildFile; fileRef = 32950D531D09440C006DDCFD /* ViewController.m */; };
		32950D571D09440C006DDCFD /* Main.storyboard in Resources */ = {isa = PBXBuildFile; fileRef = 32950D551D09440C006DDCFD /* Main.storyboard */; };
		32950D591D09440C006DDCFD /* Assets.xcassets in Resources */ = {isa = PBXBuildFile; fileRef = 32950D581D09440C006DDCFD /* Assets.xcassets */; };
		32950D5C1D09440C006DDCFD /* LaunchScreen.storyboard in Resources */ = {isa = PBXBuildFile; fileRef = 32950D5A1D09440C006DDCFD /* LaunchScreen.storyboard */; };
/* End PBXBuildFile section */

/* Begin PBXFileReference section */
		32950D491D09440C006DDCFD /* PropertyAndKVO.app */ = {isa = PBXFileReference; explicitFileType = wrapper.application; includeInIndex = 0; path = PropertyAndKVO.app; sourceTree = BUILT_PRODUCTS_DIR; };
		32950D4D1D09440C006DDCFD /* main.m */ = {isa = PBXFileReference; lastKnownFileType = sourcecode.c.objc; path = main.m; sourceTree = "<group>"; };
		32950D4F1D09440C006DDCFD /* AppDelegate.h */ = {isa = PBXFileReference; lastKnownFileType = sourcecode.c.h; path = AppDelegate.h; sourceTree = "<group>"; };
		32950D501D09440C006DDCFD /* AppDelegate.m */ = {isa = PBXFileReference; lastKnownFileType = sourcecode.c.objc; path = AppDelegate.m; sourceTree = "<group>"; };
		32950D521D09440C006DDCFD /* ViewController.h */ = {isa = PBXFileReference; lastKnownFileType = sourcecode.c.h; path = ViewController.h; sourceTree = "<group>"; };
		32950D531D09440C006DDCFD /* ViewController.m */ = {isa = PBXFileReference; lastKnownFileType = sourcecode.c.objc; path = ViewController.m; sourceTree = "<group>"; };
		32950D561D09440C006DDCFD /* Base */ = {isa = PBXFileReference; lastKnownFileType = file.storyboard; name = Base; path = Base.lproj/Main.storyboard; sourceTree = "<group>"; };
		32950D581D09440C006DDCFD /* Assets.xcassets */ = {isa = PBXFileReference; lastKnownFileType = folder.assetcatalog; path = Assets.xcassets; sourceTree = "<group>"; };
		32950D5B1D09440C006DDCFD /* Base */ = {isa = PBXFileReference; lastKnownFileType = file.storyboard; name = Base; path = Base.lproj/LaunchScreen.storyboard; sourceTree = "<group>"; };
		32950D5D1D09440C006DDCFD /* Info.plist */ = {isa = PBXFileReference; lastKnownFileType = text.plist.xml; path = Info.plist; sourceTree = "<group>"; };
/* End PBXFileReference section */

/* Begin PBXFrameworksBuildPhase section */
		32950D461D09440C006DDCFD /* Frameworks */ = {
			isa = PBXFrameworksBuildPhase;
			buildActionMask = 2147483647;
			files = (
			);
			runOnlyForDeploymentPostprocessing = 0;
		};
/* End PBXFrameworksBuildPhase section */

/* Begin PBXGroup section */
		32950D401D09440C006DDCFD = {
			isa = PBXGroup;
			children = (
				32950D4B1D09440C006DDCFD /* PropertyAndKVO */,
				32950D4A1D09440C006DDCFD /* Products */,
			);
			sourceTree = "<group>";
		};
		32950D4A1D09440C006DDCFD /* Products */ = {
			isa = PBXGroup;
			children = (
				32950D491D09440C006DDCFD /* PropertyAndKVO.app */,
			);
			name = Products;
			sourceTree = "<group>";
		};
		32950D4B1D09440C006DDCFD /* PropertyAndKVO */ = {
			isa = PBXGroup;
			children = (
				32950D4F1D09440C006DDCFD /* AppDelegate.h */,
				32950D501D09440C006DDCFD /* AppDelegate.m */,
				32950D521D09440C006DDCFD /* ViewController.h */,
				32950D531D09440C006DDCFD /* ViewController.m */,
				32950D551D09440C006DDCFD /* Main.storyboard */,
				32950D581D09440C006DDCFD /* Assets.xcassets */,
				32950D5A1D09440C006DDCFD /* LaunchScreen.storyboard */,
				32950D5D1D09440C006DDCFD /* Info.plist */,
				32950D4C1D09440C006DDCFD /* Supporting Files */,
			);
			path = PropertyAndKVO;
			sourceTree = "<group>";
		};
		32950D4C1D09440C006DDCFD /* Supporting Files */ = {
			isa = PBXGroup;
			children = (
				32950D4D1D09440C006DDCFD /* main.m */,
			);
			name = "Supporting Files";
			sourceTree = "<group>";
		};
/* End PBXGroup section */

/* Begin PBXNativeTarget section */
		32950D481D09440C006DDCFD /* PropertyAndKVO */ = {
			isa = PBXNativeTarget;
			buildConfigurationList = 32950D601D09440C006DDCFD /* Build configuration list for PBXNativeTarget "PropertyAndKVO" */;
			buildPhases = (
				32950D451D09440C006DDCFD /* Sources */,
				32950D461D09440C006DDCFD /* Frameworks */,
				32950D471D09440C006DDCFD /* Resources */,
			);
			buildRules = (
			);
			dependencies = (
			);
			name = PropertyAndKVO;
			productName = PropertyAndKVO;
			productReference = 32950D491D09440C006DDCFD /* PropertyAndKVO.app */;
			productType = "com.apple.product-type.application";
		};
/* End PBXNativeTarget section */

/* Begin PBXProject section */
		32950D411D09440C006DDCFD /* Project object */ = {
			isa = PBXProject;
			attributes = {
				LastUpgradeCheck = 0730;
				ORGANIZATIONNAME = LEEJIHO;
				TargetAttributes = {
					32950D481D09440C006DDCFD = {
						CreatedOnToolsVersion = 7.3.1;
					};
				};
			};
			buildConfigurationList = 32950D441D09440C006DDCFD /* Build configuration list for PBXProject "PropertyAndKVO" */;
			compatibilityVersion = "Xcode 3.2";
			developmentRegion = English;
			hasScannedForEncodings = 0;
			knownRegions = (
				en,
				Base,
			);
			mainGroup = 32950D401D09440C006DDCFD;
			productRefGroup = 32950D4A1D09440C006DDCFD /* Products */;
			projectDirPath = "";
			projectRoot = "";
			targets = (
				32950D481D09440C006DDCFD /* PropertyAndKVO */,
			);
		};
/* End PBXProject section */

/* Begin PBXResourcesBuildPhase section */
		32950D471D09440C006DDCFD /* Resources */ = {
			isa = PBXResourcesBuildPhase;
			buildActionMask = 2147483647;
			files = (
				32950D5C1D09440C006DDCFD /* LaunchScreen.storyboard in Resources */,
				32950D591D09440C006DDCFD /* Assets.xcassets in Resources */,
				32950D571D09440C006DDCFD /* Main.storyboard in Resources */,
			);
			runOnlyForDeploymentPostprocessing = 0;
		};
/* End PBXResourcesBuildPhase section */

/* Begin PBXSourcesBuildPhase section */
		32950D451D09440C006DDCFD /* Sources */ = {
			isa = PBXSourcesBuildPhase;
			buildActionMask = 2147483647;
			files = (
				32950D541D09440C006DDCFD /* ViewController.m in Sources */,
				32950D511D09440C006DDCFD /* AppDelegate.m in Sources */,
				32950D4E1D09440C006DDCFD /* main.m in Sources */,
			);
			runOnlyForDeploymentPostprocessing = 0;
		};
/* End PBXSourcesBuildPhase section */

/* Begin PBXVariantGroup section */
		32950D551D09440C006DDCFD /* Main.storyboard */ = {
			isa = PBXVariantGroup;
			children = (
				32950D561D09440C006DDCFD /* Base */,
			);
			name = Main.storyboard;
			sourceTree = "<group>";
		};
		32950D5A1D09440C006DDCFD /* LaunchScreen.storyboard */ = {
			isa = PBXVariantGroup;
			children = (
				32950D5B1D09440C006DDCFD /* Base */,
			);
			name = LaunchScreen.storyboard;
			sourceTree = "<group>";
		};
/* End PBXVariantGroup section */

/* Begin XCBuildConfiguration section */
		32950D5E1D09440C006DDCFD /* Debug */ = {
			isa = XCBuildConfiguration;
			buildSettings = {
				ALWAYS_SEARCH_USER_PATHS = NO;
				CLANG_ANALYZER_NONNULL = YES;
				CLANG_CXX_LANGUAGE_STANDARD = "gnu++0x";
				CLANG_CXX_LIBRARY = "libc++";
				CLANG_ENABLE_MODULES = YES;
				CLANG_ENABLE_OBJC_ARC = YES;
				CLANG_WARN_BOOL_CONVERSION = YES;
				CLANG_WARN_CONSTANT_CONVERSION = YES;
				CLANG_WARN_DIRECT_OBJC_ISA_USAGE = YES_ERROR;
				CLANG_WARN_EMPTY_BODY = YES;
				CLANG_WARN_ENUM_CONVERSION = YES;
				CLANG_WARN_INT_CONVERSION = YES;
				CLANG_WARN_OBJC_ROOT_CLASS = YES_ERROR;
				CLANG_WARN_UNREACHABLE_CODE = YES;
				CLANG_WARN__DUPLICATE_METHOD_MATCH = YES;
				"CODE_SIGN_IDENTITY[sdk=iphoneos*]" = "iPhone Developer";
				COPY_PHASE_STRIP = NO;
				DEBUG_INFORMATION_FORMAT = dwarf;
				ENABLE_STRICT_OBJC_MSGSEND = YES;
				ENABLE_TESTABILITY = YES;
				GCC_C_LANGUAGE_STANDARD = gnu99;
				GCC_DYNAMIC_NO_PIC = NO;
				GCC_NO_COMMON_BLOCKS = YES;
				GCC_OPTIMIZATION_LEVEL = 0;
				GCC_PREPROCESSOR_DEFINITIONS = (
					"DEBUG=1",
					"$(inherited)",
				);
				GCC_WARN_64_TO_32_BIT_CONVERSION = YES;
				GCC_WARN_ABOUT_RETURN_TYPE = YES_ERROR;
				GCC_WARN_UNDECLARED_SELECTOR = YES;
				GCC_WARN_UNINITIALIZED_AUTOS = YES_AGGRESSIVE;
				GCC_WARN_UNUSED_FUNCTION = YES;
				GCC_WARN_UNUSED_VARIABLE = YES;
				IPHONEOS_DEPLOYMENT_TARGET = 9.3;
				MTL_ENABLE_DEBUG_INFO = YES;
				ONLY_ACTIVE_ARCH = YES;
				SDKROOT = iphoneos;
			};
			name = Debug;
		};
		32950D5F1D09440C006DDCFD /* Release */ = {
			isa = XCBuildConfiguration;
			buildSettings = {
				ALWAYS_SEARCH_USER_PATHS = NO;
				CLANG_ANALYZER_NONNULL = YES;
				CLANG_CXX_LANGUAGE_STANDARD = "gnu++0x";
				CLANG_CXX_LIBRARY = "libc++";
				CLANG_ENABLE_MODULES = YES;
				CLANG_ENABLE_OBJC_ARC = YES;
				CLANG_WARN_BOOL_CONVERSION = YES;
				CLANG_WARN_CONSTANT_CONVERSION = YES;
				CLANG_WARN_DIRECT_OBJC_ISA_USAGE = YES_ERROR;
				CLANG_WARN_EMPTY_BODY = YES;
				CLANG_WARN_ENUM_CONVERSION = YES;
				CLANG_WARN_INT_CONVERSION = YES;
				CLANG_WARN_OBJC_ROOT_CLASS = YES_ERROR;
				CLANG_WARN_UNREACHABLE_CODE = YES;
				CLANG_WARN__DUPLICATE_METHOD_MATCH = YES;
				"CODE_SIGN_IDENTITY[sdk=iphoneos*]" = "iPhone Developer";
				COPY_PHASE_STRIP = NO;
				DEBUG_INFORMATION_FORMAT = "dwarf-with-dsym";
				ENABLE_NS_ASSERTIONS = NO;
				ENABLE_STRICT_OBJC_MSGSEND = YES;
				GCC_C_LANGUAGE_STANDARD = gnu99;
				GCC_NO_COMMON_BLOCKS = YES;
				GCC_WARN_64_TO_32_BIT_CONVERSION = YES;
				GCC_WARN_ABOUT_RETURN_TYPE = YES_ERROR;
				GCC_WARN_UNDECLARED_SELECTOR = YES;
				GCC_WARN_UNINITIALIZED_AUTOS = YES_AGGRESSIVE;
				GCC_WARN_UNUSED_FUNCTION = YES;
				GCC_WARN_UNUSED_VARIABLE = YES;
				IPHONEOS_DEPLOYMENT_TARGET = 9.3;
				MTL_ENABLE_DEBUG_INFO = NO;
				SDKROOT = iphoneos;
				VALIDATE_PRODUCT = YES;
			};
			name = Release;
		};
		32950D611D09440C006DDCFD /* Debug */ = {
			isa = XCBuildConfiguration;
			buildSettings = {
				ASSETCATALOG_COMPILER_APPICON_NAME = AppIcon;
				INFOPLIST_FILE = PropertyAndKVO/Info.plist;
				LD_RUNPATH_SEARCH_PATHS = "$(inherited) @executable_path/Frameworks";
				PRODUCT_BUNDLE_IDENTIFIER = com.devkey.PropertyAndKVO;
				PRODUCT_NAME = "$(TARGET_NAME)";
			};
			name = Debug;
		};
		32950D621D09440C006DDCFD /* Release */ = {
			isa = XCBuildConfiguration;
			buildSettings = {
				ASSETCATALOG_COMPILER_APPICON_NAME = AppIcon;
				INFOPLIST_FILE = PropertyAndKVO/Info.plist;
				LD_RUNPATH_SEARCH_PATHS = "$(inherited) @executable_path/Frameworks";
				PRODUCT_BUNDLE_IDENTIFIER = com.devkey.PropertyAndKVO;
				PRODUCT_NAME = "$(TARGET_NAME)";
			};
			name = Release;
		};
/* End XCBuildConfiguration section */

/* Begin XCConfigurationList section */
		32950D441D09440C006DDCFD /* Build configuration list for PBXProject "PropertyAndKVO" */ = {
			isa = XCConfigurationList;
			buildConfigurations = (
				32950D5E1D09440C006DDCFD /* Debug */,
				32950D5F1D09440C006DDCFD /* Release */,
			);
			defaultConfigurationIsVisible = 0;
			defaultConfigurationName = Release;
		};
		32950D601D09440C006DDCFD /* Build configuration list for PBXNativeTarget "PropertyAndKVO" */ = {
			isa = XCConfigurationList;
			buildConfigurations = (
				32950D611D09440C006DDCFD /* Debug */,
				32950D621D09440C006DDCFD /* Release */,
			);
			defaultConfigurationIsVisible = 0;
		};
/* End XCConfigurationList section */
	};
	rootObject = 32950D411D09440C006DDCFD /* Project object */;
}
